
Microsoft Visual Studio Solution File, Format Version 12.00
# Visual Studio Version 17
VisualStudioVersion = 17.7.34202.233
MinimumVisualStudioVersion = 10.0.40219.1
Project("{FAE04EC0-301F-11D3-BF4B-00C04F79EFBC}") = "PTAFINALYEAR", "PTAFINALYEAR\PTAFINALYEAR.csproj", "{21ED3CF2-B371-4BDF-9064-B99E84922F0C}"
EndProject
Global
	GlobalSection(SolutionConfigurationPlatforms) = preSolution
		Debug|Any CPU = Debug|Any CPU
		Release|Any CPU = Release|Any CPU
	EndGlobalSection
	GlobalSection(ProjectConfigurationPlatforms) = postSolution
		{21ED3CF2-B371-4BDF-9064-B99E84922F0C}.Debug|Any CPU.ActiveCfg = Debug|Any CPU
		{21ED3CF2-B371-4BDF-9064-B99E84922F0C}.Debug|Any CPU.Build.0 = Debug|Any CPU
		{21ED3CF2-B371-4BDF-9064-B99E84922F0C}.Release|Any CPU.ActiveCfg = Release|Any CPU
		{21ED3CF2-B371-4BDF-9064-B99E84922F0C}.Release|Any CPU.Build.0 = Release|Any CPU
	EndGlobalSection
	GlobalSection(SolutionProperties) = preSolution
		HideSolutionNode = FALSE
	EndGlobalSection
	GlobalSection(ExtensibilityGlobals) = postSolution
		SolutionGuid = {8305E4C4-38A9-402A-91A3-7548D6245116}
	EndGlobalSection
EndGlobal
